// !$*UTF8*$!
{
	archiveVersion = 1;
	classes = {
	};
	objectVersion = 55;
	objects = {

/* Begin PBXBuildFile section */
		B7E43D842818675F00A677A7 /* Babel_CookbookApp.swift in Sources */ = {isa = PBXBuildFile; fileRef = B7E43D832818675F00A677A7 /* Babel_CookbookApp.swift */; };
		B7E43D862818675F00A677A7 /* ContentView.swift in Sources */ = {isa = PBXBuildFile; fileRef = B7E43D852818675F00A677A7 /* ContentView.swift */; };
		B7E43D882818676100A677A7 /* Assets.xcassets in Resources */ = {isa = PBXBuildFile; fileRef = B7E43D872818676100A677A7 /* Assets.xcassets */; };
		B7E43D8B2818676100A677A7 /* Preview Assets.xcassets in Resources */ = {isa = PBXBuildFile; fileRef = B7E43D8A2818676100A677A7 /* Preview Assets.xcassets */; };
		B7E43DE228186BF100A677A7 /* Babel_CookbookAppDelegate.swift in Sources */ = {isa = PBXBuildFile; fileRef = B7E43DA128186BF000A677A7 /* Babel_CookbookAppDelegate.swift */; };
		B7E43DE428186BF100A677A7 /* Article.swift in Sources */ = {isa = PBXBuildFile; fileRef = B7E43DA528186BF000A677A7 /* Article.swift */; };
		B7E43DE528186BF100A677A7 /* Blog.swift in Sources */ = {isa = PBXBuildFile; fileRef = B7E43DA728186BF000A677A7 /* Blog.swift */; };
		B7E43DE628186BF100A677A7 /* ArticleMetadata.swift in Sources */ = {isa = PBXBuildFile; fileRef = B7E43DA828186BF000A677A7 /* ArticleMetadata.swift */; };
		B7E43DE728186BF100A677A7 /* ArticleList.swift in Sources */ = {isa = PBXBuildFile; fileRef = B7E43DA928186BF000A677A7 /* ArticleList.swift */; };
		B7E43DE828186BF100A677A7 /* ArticleDetail.swift in Sources */ = {isa = PBXBuildFile; fileRef = B7E43DAA28186BF000A677A7 /* ArticleDetail.swift */; };
		B7E43DE928186BF100A677A7 /* ArticleEntry.swift in Sources */ = {isa = PBXBuildFile; fileRef = B7E43DAB28186BF000A677A7 /* ArticleEntry.swift */; };
		B7E43DEA28186BF100A677A7 /* AuthenticationViewController.swift in Sources */ = {isa = PBXBuildFile; fileRef = B7E43DAC28186BF000A677A7 /* AuthenticationViewController.swift */; };
		B7E43DEB28186BF100A677A7 /* Babel_CookbookArticle.swift in Sources */ = {isa = PBXBuildFile; fileRef = B7E43DAE28186BF000A677A7 /* Babel_CookbookArticle.swift */; };
		B7E43DEC28186BF100A677A7 /* Babel_CookbookAuth.swift in Sources */ = {isa = PBXBuildFile; fileRef = B7E43DAF28186BF000A677A7 /* Babel_CookbookAuth.swift */; };
		B7E43E492818778800A677A7 /* FirebaseAuth in Frameworks */ = {isa = PBXBuildFile; productRef = B7E43E482818778800A677A7 /* FirebaseAuth */; };
		B7E43E4B2818778800A677A7 /* FirebaseFirestore in Frameworks */ = {isa = PBXBuildFile; productRef = B7E43E4A2818778800A677A7 /* FirebaseFirestore */; };
		B7E43E4E281879DE00A677A7 /* FirebaseAuthUI in Frameworks */ = {isa = PBXBuildFile; productRef = B7E43E4D281879DE00A677A7 /* FirebaseAuthUI */; };
		B7E43E50281879DE00A677A7 /* FirebaseEmailAuthUI in Frameworks */ = {isa = PBXBuildFile; productRef = B7E43E4F281879DE00A677A7 /* FirebaseEmailAuthUI */; };
		B7E43E562818800100A677A7 /* GoogleService-Info.plist in Resources */ = {isa = PBXBuildFile; fileRef = B7E43E552818800100A677A7 /* GoogleService-Info.plist */; };
/* End PBXBuildFile section */

/* Begin PBXFileReference section */
		B7E43D802818675F00A677A7 /* Babel Cookbook.app */ = {isa = PBXFileReference; explicitFileType = wrapper.application; includeInIndex = 0; path = "Babel Cookbook.app"; sourceTree = BUILT_PRODUCTS_DIR; };
		B7E43D832818675F00A677A7 /* Babel_CookbookApp.swift */ = {isa = PBXFileReference; lastKnownFileType = sourcecode.swift; path = Babel_CookbookApp.swift; sourceTree = "<group>"; };
		B7E43D852818675F00A677A7 /* ContentView.swift */ = {isa = PBXFileReference; lastKnownFileType = sourcecode.swift; path = ContentView.swift; sourceTree = "<group>"; };
		B7E43D872818676100A677A7 /* Assets.xcassets */ = {isa = PBXFileReference; lastKnownFileType = folder.assetcatalog; path = Assets.xcassets; sourceTree = "<group>"; };
		B7E43D8A2818676100A677A7 /* Preview Assets.xcassets */ = {isa = PBXFileReference; lastKnownFileType = folder.assetcatalog; path = "Preview Assets.xcassets"; sourceTree = "<group>"; };
		B7E43DA128186BF000A677A7 /* Babel_CookbookAppDelegate.swift */ = {isa = PBXFileReference; fileEncoding = 4; lastKnownFileType = sourcecode.swift; path = Babel_CookbookAppDelegate.swift; sourceTree = "<group>"; };
		B7E43DA528186BF000A677A7 /* Article.swift */ = {isa = PBXFileReference; fileEncoding = 4; lastKnownFileType = sourcecode.swift; path = Article.swift; sourceTree = "<group>"; };
		B7E43DA728186BF000A677A7 /* Blog.swift */ = {isa = PBXFileReference; fileEncoding = 4; lastKnownFileType = sourcecode.swift; path = Blog.swift; sourceTree = "<group>"; };
		B7E43DA828186BF000A677A7 /* ArticleMetadata.swift */ = {isa = PBXFileReference; fileEncoding = 4; lastKnownFileType = sourcecode.swift; path = ArticleMetadata.swift; sourceTree = "<group>"; };
		B7E43DA928186BF000A677A7 /* ArticleList.swift */ = {isa = PBXFileReference; fileEncoding = 4; lastKnownFileType = sourcecode.swift; path = ArticleList.swift; sourceTree = "<group>"; };
		B7E43DAA28186BF000A677A7 /* ArticleDetail.swift */ = {isa = PBXFileReference; fileEncoding = 4; lastKnownFileType = sourcecode.swift; path = ArticleDetail.swift; sourceTree = "<group>"; };
		B7E43DAB28186BF000A677A7 /* ArticleEntry.swift */ = {isa = PBXFileReference; fileEncoding = 4; lastKnownFileType = sourcecode.swift; path = ArticleEntry.swift; sourceTree = "<group>"; };
		B7E43DAC28186BF000A677A7 /* AuthenticationViewController.swift */ = {isa = PBXFileReference; fileEncoding = 4; lastKnownFileType = sourcecode.swift; path = AuthenticationViewController.swift; sourceTree = "<group>"; };
		B7E43DAE28186BF000A677A7 /* Babel_CookbookArticle.swift */ = {isa = PBXFileReference; fileEncoding = 4; lastKnownFileType = sourcecode.swift; path = Babel_CookbookArticle.swift; sourceTree = "<group>"; };
		B7E43DAF28186BF000A677A7 /* Babel_CookbookAuth.swift */ = {isa = PBXFileReference; fileEncoding = 4; lastKnownFileType = sourcecode.swift; path = Babel_CookbookAuth.swift; sourceTree = "<group>"; };
		B7E43E072818711900A677A7 /* Info.plist */ = {isa = PBXFileReference; fileEncoding = 4; lastKnownFileType = text.plist.xml; path = Info.plist; sourceTree = "<group>"; };
		B7E43E552818800100A677A7 /* GoogleService-Info.plist */ = {isa = PBXFileReference; lastKnownFileType = text.plist.xml; name = "GoogleService-Info.plist"; path = "Bable Cookbook/GoogleService-Info.plist"; sourceTree = SOURCE_ROOT; };
/* End PBXFileReference section */

/* Begin PBXFrameworksBuildPhase section */
		B7E43D7D2818675F00A677A7 /* Frameworks */ = {
			isa = PBXFrameworksBuildPhase;
			buildActionMask = 2147483647;
			files = (
				B7E43E50281879DE00A677A7 /* FirebaseEmailAuthUI in Frameworks */,
				B7E43E492818778800A677A7 /* FirebaseAuth in Frameworks */,
				B7E43E4E281879DE00A677A7 /* FirebaseAuthUI in Frameworks */,
				B7E43E4B2818778800A677A7 /* FirebaseFirestore in Frameworks */,
			);
			runOnlyForDeploymentPostprocessing = 0;
		};
/* End PBXFrameworksBuildPhase section */

/* Begin PBXGroup section */
		B7E43D772818675F00A677A7 = {
			isa = PBXGroup;
			children = (
				B7E43D822818675F00A677A7 /* Bable Cookbook */,
				B7E43D812818675F00A677A7 /* Products */,
			);
			sourceTree = "<group>";
		};
		B7E43D812818675F00A677A7 /* Products */ = {
			isa = PBXGroup;
			children = (
				B7E43D802818675F00A677A7 /* Babel Cookbook.app */,
			);
			name = Products;
			sourceTree = "<group>";
		};
		B7E43D822818675F00A677A7 /* Bable Cookbook */ = {
			isa = PBXGroup;
			children = (
				B7E43E072818711900A677A7 /* Info.plist */,
				B7E43E552818800100A677A7 /* GoogleService-Info.plist */,
				B7E43DAD28186BF000A677A7 /* Service */,
				B7E43DA428186BF000A677A7 /* Model */,
				B7E43D832818675F00A677A7 /* Babel_CookbookApp.swift */,
				B7E43DA128186BF000A677A7 /* Babel_CookbookAppDelegate.swift */,
				B7E43D852818675F00A677A7 /* ContentView.swift */,
				B7E43D872818676100A677A7 /* Assets.xcassets */,
				B7E43D892818676100A677A7 /* Preview Content */,
				B7E43DA628186BF000A677A7 /* View */,
			);
			path = "Bable Cookbook";
			sourceTree = "<group>";
		};
		B7E43D892818676100A677A7 /* Preview Content */ = {
			isa = PBXGroup;
			children = (
				B7E43D8A2818676100A677A7 /* Preview Assets.xcassets */,
			);
			path = "Preview Content";
			sourceTree = "<group>";
		};
		B7E43DA428186BF000A677A7 /* Model */ = {
			isa = PBXGroup;
			children = (
				B7E43DA528186BF000A677A7 /* Article.swift */,
			);
			path = Model;
			sourceTree = "<group>";
		};
		B7E43DA628186BF000A677A7 /* View */ = {
			isa = PBXGroup;
			children = (
				B7E43DA728186BF000A677A7 /* Blog.swift */,
				B7E43DA828186BF000A677A7 /* ArticleMetadata.swift */,
				B7E43DA928186BF000A677A7 /* ArticleList.swift */,
				B7E43DAA28186BF000A677A7 /* ArticleDetail.swift */,
				B7E43DAB28186BF000A677A7 /* ArticleEntry.swift */,
				B7E43DAC28186BF000A677A7 /* AuthenticationViewController.swift */,
			);
			path = View;
			sourceTree = "<group>";
		};
		B7E43DAD28186BF000A677A7 /* Service */ = {
			isa = PBXGroup;
			children = (
				B7E43DAE28186BF000A677A7 /* Babel_CookbookArticle.swift */,
				B7E43DAF28186BF000A677A7 /* Babel_CookbookAuth.swift */,
			);
			path = Service;
			sourceTree = "<group>";
		};
/* End PBXGroup section */

/* Begin PBXNativeTarget section */
		B7E43D7F2818675F00A677A7 /* Babel Cookbook */ = {
			isa = PBXNativeTarget;
			buildConfigurationList = B7E43D8E2818676100A677A7 /* Build configuration list for PBXNativeTarget "Babel Cookbook" */;
			buildPhases = (
				B7E43D7C2818675F00A677A7 /* Sources */,
				B7E43D7D2818675F00A677A7 /* Frameworks */,
				B7E43D7E2818675F00A677A7 /* Resources */,
			);
			buildRules = (
			);
			dependencies = (
			);
			name = "Babel Cookbook";
			packageProductDependencies = (
				B7E43E482818778800A677A7 /* FirebaseAuth */,
				B7E43E4A2818778800A677A7 /* FirebaseFirestore */,
				B7E43E4D281879DE00A677A7 /* FirebaseAuthUI */,
				B7E43E4F281879DE00A677A7 /* FirebaseEmailAuthUI */,
			);
			productName = "Bable Cookbook";
			productReference = B7E43D802818675F00A677A7 /* Babel Cookbook.app */;
			productType = "com.apple.product-type.application";
		};
/* End PBXNativeTarget section */

/* Begin PBXProject section */
		B7E43D782818675F00A677A7 /* Project object */ = {
			isa = PBXProject;
			attributes = {
				BuildIndependentTargetsInParallel = 1;
				LastSwiftUpdateCheck = 1320;
				LastUpgradeCheck = 1320;
				TargetAttributes = {
					B7E43D7F2818675F00A677A7 = {
						CreatedOnToolsVersion = 13.2.1;
					};
				};
			};
			buildConfigurationList = B7E43D7B2818675F00A677A7 /* Build configuration list for PBXProject "Babel Cookbook" */;
			compatibilityVersion = "Xcode 13.0";
			developmentRegion = en;
			hasScannedForEncodings = 0;
			knownRegions = (
				en,
				Base,
			);
			mainGroup = B7E43D772818675F00A677A7;
			packageReferences = (
				B7E43E472818778800A677A7 /* XCRemoteSwiftPackageReference "firebase-ios-sdk" */,
				B7E43E4C281879DE00A677A7 /* XCRemoteSwiftPackageReference "FirebaseUI-iOS" */,
			);
			productRefGroup = B7E43D812818675F00A677A7 /* Products */;
			projectDirPath = "";
			projectRoot = "";
			targets = (
				B7E43D7F2818675F00A677A7 /* Babel Cookbook */,
			);
		};
/* End PBXProject section */

/* Begin PBXResourcesBuildPhase section */
		B7E43D7E2818675F00A677A7 /* Resources */ = {
			isa = PBXResourcesBuildPhase;
			buildActionMask = 2147483647;
			files = (
				B7E43D8B2818676100A677A7 /* Preview Assets.xcassets in Resources */,
				B7E43D882818676100A677A7 /* Assets.xcassets in Resources */,
				B7E43E562818800100A677A7 /* GoogleService-Info.plist in Resources */,
			);
			runOnlyForDeploymentPostprocessing = 0;
		};
/* End PBXResourcesBuildPhase section */

/* Begin PBXSourcesBuildPhase section */
		B7E43D7C2818675F00A677A7 /* Sources */ = {
			isa = PBXSourcesBuildPhase;
			buildActionMask = 2147483647;
			files = (
				B7E43DE428186BF100A677A7 /* Article.swift in Sources */,
				B7E43DE628186BF100A677A7 /* ArticleMetadata.swift in Sources */,
				B7E43DEA28186BF100A677A7 /* AuthenticationViewController.swift in Sources */,
				B7E43DEB28186BF100A677A7 /* Babel_CookbookArticle.swift in Sources */,
				B7E43DE228186BF100A677A7 /* Babel_CookbookAppDelegate.swift in Sources */,
				B7E43DE728186BF100A677A7 /* ArticleList.swift in Sources */,
				B7E43DE528186BF100A677A7 /* Blog.swift in Sources */,
				B7E43DE928186BF100A677A7 /* ArticleEntry.swift in Sources */,
				B7E43DE828186BF100A677A7 /* ArticleDetail.swift in Sources */,
				B7E43DEC28186BF100A677A7 /* Babel_CookbookAuth.swift in Sources */,
				B7E43D862818675F00A677A7 /* ContentView.swift in Sources */,
				B7E43D842818675F00A677A7 /* Babel_CookbookApp.swift in Sources */,
			);
			runOnlyForDeploymentPostprocessing = 0;
		};
/* End PBXSourcesBuildPhase section */

/* Begin XCBuildConfiguration section */
		B7E43D8C2818676100A677A7 /* Debug */ = {
			isa = XCBuildConfiguration;
			buildSettings = {
				ALWAYS_SEARCH_USER_PATHS = NO;
				CLANG_ANALYZER_NONNULL = YES;
				CLANG_ANALYZER_NUMBER_OBJECT_CONVERSION = YES_AGGRESSIVE;
				CLANG_CXX_LANGUAGE_STANDARD = "gnu++17";
				CLANG_CXX_LIBRARY = "libc++";
				CLANG_ENABLE_MODULES = YES;
				CLANG_ENABLE_OBJC_ARC = YES;
				CLANG_ENABLE_OBJC_WEAK = YES;
				CLANG_WARN_BLOCK_CAPTURE_AUTORELEASING = YES;
				CLANG_WARN_BOOL_CONVERSION = YES;
				CLANG_WARN_COMMA = YES;
				CLANG_WARN_CONSTANT_CONVERSION = YES;
				CLANG_WARN_DEPRECATED_OBJC_IMPLEMENTATIONS = YES;
				CLANG_WARN_DIRECT_OBJC_ISA_USAGE = YES_ERROR;
				CLANG_WARN_DOCUMENTATION_COMMENTS = YES;
				CLANG_WARN_EMPTY_BODY = YES;
				CLANG_WARN_ENUM_CONVERSION = YES;
				CLANG_WARN_INFINITE_RECURSION = YES;
				CLANG_WARN_INT_CONVERSION = YES;
				CLANG_WARN_NON_LITERAL_NULL_CONVERSION = YES;
				CLANG_WARN_OBJC_IMPLICIT_RETAIN_SELF = YES;
				CLANG_WARN_OBJC_LITERAL_CONVERSION = YES;
				CLANG_WARN_OBJC_ROOT_CLASS = YES_ERROR;
				CLANG_WARN_QUOTED_INCLUDE_IN_FRAMEWORK_HEADER = YES;
				CLANG_WARN_RANGE_LOOP_ANALYSIS = YES;
				CLANG_WARN_STRICT_PROTOTYPES = YES;
				CLANG_WARN_SUSPICIOUS_MOVE = YES;
				CLANG_WARN_UNGUARDED_AVAILABILITY = YES_AGGRESSIVE;
				CLANG_WARN_UNREACHABLE_CODE = YES;
				CLANG_WARN__DUPLICATE_METHOD_MATCH = YES;
				COPY_PHASE_STRIP = NO;
				DEBUG_INFORMATION_FORMAT = dwarf;
				ENABLE_STRICT_OBJC_MSGSEND = YES;
				ENABLE_TESTABILITY = YES;
				GCC_C_LANGUAGE_STANDARD = gnu11;
				GCC_DYNAMIC_NO_PIC = NO;
				GCC_NO_COMMON_BLOCKS = YES;
				GCC_OPTIMIZATION_LEVEL = 0;
				GCC_PREPROCESSOR_DEFINITIONS = (
					"DEBUG=1",
					"$(inherited)",
				);
				GCC_WARN_64_TO_32_BIT_CONVERSION = YES;
				GCC_WARN_ABOUT_RETURN_TYPE = YES_ERROR;
				GCC_WARN_UNDECLARED_SELECTOR = YES;
				GCC_WARN_UNINITIALIZED_AUTOS = YES_AGGRESSIVE;
				GCC_WARN_UNUSED_FUNCTION = YES;
				GCC_WARN_UNUSED_VARIABLE = YES;
				IPHONEOS_DEPLOYMENT_TARGET = 15.2;
				MTL_ENABLE_DEBUG_INFO = INCLUDE_SOURCE;
				MTL_FAST_MATH = YES;
				ONLY_ACTIVE_ARCH = YES;
				SDKROOT = iphoneos;
				SWIFT_ACTIVE_COMPILATION_CONDITIONS = DEBUG;
				SWIFT_OPTIMIZATION_LEVEL = "-Onone";
			};
			name = Debug;
		};
		B7E43D8D2818676100A677A7 /* Release */ = {
			isa = XCBuildConfiguration;
			buildSettings = {
				ALWAYS_SEARCH_USER_PATHS = NO;
				CLANG_ANALYZER_NONNULL = YES;
				CLANG_ANALYZER_NUMBER_OBJECT_CONVERSION = YES_AGGRESSIVE;
				CLANG_CXX_LANGUAGE_STANDARD = "gnu++17";
				CLANG_CXX_LIBRARY = "libc++";
				CLANG_ENABLE_MODULES = YES;
				CLANG_ENABLE_OBJC_ARC = YES;
				CLANG_ENABLE_OBJC_WEAK = YES;
				CLANG_WARN_BLOCK_CAPTURE_AUTORELEASING = YES;
				CLANG_WARN_BOOL_CONVERSION = YES;
				CLANG_WARN_COMMA = YES;
				CLANG_WARN_CONSTANT_CONVERSION = YES;
				CLANG_WARN_DEPRECATED_OBJC_IMPLEMENTATIONS = YES;
				CLANG_WARN_DIRECT_OBJC_ISA_USAGE = YES_ERROR;
				CLANG_WARN_DOCUMENTATION_COMMENTS = YES;
				CLANG_WARN_EMPTY_BODY = YES;
				CLANG_WARN_ENUM_CONVERSION = YES;
				CLANG_WARN_INFINITE_RECURSION = YES;
				CLANG_WARN_INT_CONVERSION = YES;
				CLANG_WARN_NON_LITERAL_NULL_CONVERSION = YES;
				CLANG_WARN_OBJC_IMPLICIT_RETAIN_SELF = YES;
				CLANG_WARN_OBJC_LITERAL_CONVERSION = YES;
				CLANG_WARN_OBJC_ROOT_CLASS = YES_ERROR;
				CLANG_WARN_QUOTED_INCLUDE_IN_FRAMEWORK_HEADER = YES;
				CLANG_WARN_RANGE_LOOP_ANALYSIS = YES;
				CLANG_WARN_STRICT_PROTOTYPES = YES;
				CLANG_WARN_SUSPICIOUS_MOVE = YES;
				CLANG_WARN_UNGUARDED_AVAILABILITY = YES_AGGRESSIVE;
				CLANG_WARN_UNREACHABLE_CODE = YES;
				CLANG_WARN__DUPLICATE_METHOD_MATCH = YES;
				COPY_PHASE_STRIP = NO;
				DEBUG_INFORMATION_FORMAT = "dwarf-with-dsym";
				ENABLE_NS_ASSERTIONS = NO;
				ENABLE_STRICT_OBJC_MSGSEND = YES;
				GCC_C_LANGUAGE_STANDARD = gnu11;
				GCC_NO_COMMON_BLOCKS = YES;
				GCC_WARN_64_TO_32_BIT_CONVERSION = YES;
				GCC_WARN_ABOUT_RETURN_TYPE = YES_ERROR;
				GCC_WARN_UNDECLARED_SELECTOR = YES;
				GCC_WARN_UNINITIALIZED_AUTOS = YES_AGGRESSIVE;
				GCC_WARN_UNUSED_FUNCTION = YES;
				GCC_WARN_UNUSED_VARIABLE = YES;
				IPHONEOS_DEPLOYMENT_TARGET = 15.2;
				MTL_ENABLE_DEBUG_INFO = NO;
				MTL_FAST_MATH = YES;
				SDKROOT = iphoneos;
				SWIFT_COMPILATION_MODE = wholemodule;
				SWIFT_OPTIMIZATION_LEVEL = "-O";
				VALIDATE_PRODUCT = YES;
			};
			name = Release;
		};
		B7E43D8F2818676100A677A7 /* Debug */ = {
			isa = XCBuildConfiguration;
			buildSettings = {
				ASSETCATALOG_COMPILER_APPICON_NAME = AppIcon;
				ASSETCATALOG_COMPILER_GLOBAL_ACCENT_COLOR_NAME = AccentColor;
				CODE_SIGN_STYLE = Automatic;
				CURRENT_PROJECT_VERSION = 1;
				DEVELOPMENT_ASSET_PATHS = "\"Bable Cookbook/Preview Content\"";
				ENABLE_PREVIEWS = YES;
				GENERATE_INFOPLIST_FILE = YES;
				INFOPLIST_KEY_UIApplicationSceneManifest_Generation = YES;
				INFOPLIST_KEY_UIApplicationSupportsIndirectInputEvents = YES;
				INFOPLIST_KEY_UILaunchScreen_Generation = YES;
				INFOPLIST_KEY_UISupportedInterfaceOrientations_iPad = "UIInterfaceOrientationPortrait UIInterfaceOrientationPortraitUpsideDown UIInterfaceOrientationLandscapeLeft UIInterfaceOrientationLandscapeRight";
				INFOPLIST_KEY_UISupportedInterfaceOrientations_iPhone = "UIInterfaceOrientationPortrait UIInterfaceOrientationLandscapeLeft UIInterfaceOrientationLandscapeRight";
				LD_RUNPATH_SEARCH_PATHS = (
					"$(inherited)",
					"@executable_path/Frameworks",
				);
				MARKETING_VERSION = 1.0;
				PRODUCT_BUNDLE_IDENTIFIER = edu.lmu.BabelCookbook;
				PRODUCT_NAME = "$(TARGET_NAME)";
				SWIFT_EMIT_LOC_STRINGS = YES;
				SWIFT_VERSION = 5.0;
				TARGETED_DEVICE_FAMILY = "1,2";
			};
			name = Debug;
		};
		B7E43D902818676100A677A7 /* Release */ = {
			isa = XCBuildConfiguration;
			buildSettings = {
				ASSETCATALOG_COMPILER_APPICON_NAME = AppIcon;
				ASSETCATALOG_COMPILER_GLOBAL_ACCENT_COLOR_NAME = AccentColor;
				CODE_SIGN_STYLE = Automatic;
				CURRENT_PROJECT_VERSION = 1;
				DEVELOPMENT_ASSET_PATHS = "\"Bable Cookbook/Preview Content\"";
				ENABLE_PREVIEWS = YES;
				GENERATE_INFOPLIST_FILE = YES;
				INFOPLIST_KEY_UIApplicationSceneManifest_Generation = YES;
				INFOPLIST_KEY_UIApplicationSupportsIndirectInputEvents = YES;
				INFOPLIST_KEY_UILaunchScreen_Generation = YES;
				INFOPLIST_KEY_UISupportedInterfaceOrientations_iPad = "UIInterfaceOrientationPortrait UIInterfaceOrientationPortraitUpsideDown UIInterfaceOrientationLandscapeLeft UIInterfaceOrientationLandscapeRight";
				INFOPLIST_KEY_UISupportedInterfaceOrientations_iPhone = "UIInterfaceOrientationPortrait UIInterfaceOrientationLandscapeLeft UIInterfaceOrientationLandscapeRight";
				LD_RUNPATH_SEARCH_PATHS = (
					"$(inherited)",
					"@executable_path/Frameworks",
				);
				MARKETING_VERSION = 1.0;
				PRODUCT_BUNDLE_IDENTIFIER = edu.lmu.BabelCookbook;
				PRODUCT_NAME = "$(TARGET_NAME)";
				SWIFT_EMIT_LOC_STRINGS = YES;
				SWIFT_VERSION = 5.0;
				TARGETED_DEVICE_FAMILY = "1,2";
			};
			name = Release;
		};
/* End XCBuildConfiguration section */

/* Begin XCConfigurationList section */
		B7E43D7B2818675F00A677A7 /* Build configuration list for PBXProject "Babel Cookbook" */ = {
			isa = XCConfigurationList;
			buildConfigurations = (
				B7E43D8C2818676100A677A7 /* Debug */,
				B7E43D8D2818676100A677A7 /* Release */,
			);
			defaultConfigurationIsVisible = 0;
			defaultConfigurationName = Release;
		};
		B7E43D8E2818676100A677A7 /* Build configuration list for PBXNativeTarget "Babel Cookbook" */ = {
			isa = XCConfigurationList;
			buildConfigurations = (
				B7E43D8F2818676100A677A7 /* Debug */,
				B7E43D902818676100A677A7 /* Release */,
			);
			defaultConfigurationIsVisible = 0;
			defaultConfigurationName = Release;
		};
/* End XCConfigurationList section */

/* Begin XCRemoteSwiftPackageReference section */
		B7E43E472818778800A677A7 /* XCRemoteSwiftPackageReference "firebase-ios-sdk" */ = {
			isa = XCRemoteSwiftPackageReference;
			repositoryURL = "https://github.com/firebase/firebase-ios-sdk";
			requirement = {
				kind = upToNextMajorVersion;
				minimumVersion = 8.10.0;
			};
		};
		B7E43E4C281879DE00A677A7 /* XCRemoteSwiftPackageReference "FirebaseUI-iOS" */ = {
			isa = XCRemoteSwiftPackageReference;
			repositoryURL = "https://github.com/firebase/FirebaseUI-iOS.git";
			requirement = {
				kind = upToNextMajorVersion;
				minimumVersion = 12.1.1;
			};
		};
/* End XCRemoteSwiftPackageReference section */

/* Begin XCSwiftPackageProductDependency section */
		B7E43E482818778800A677A7 /* FirebaseAuth */ = {
			isa = XCSwiftPackageProductDependency;
			package = B7E43E472818778800A677A7 /* XCRemoteSwiftPackageReference "firebase-ios-sdk" */;
			productName = FirebaseAuth;
		};
		B7E43E4A2818778800A677A7 /* FirebaseFirestore */ = {
			isa = XCSwiftPackageProductDependency;
			package = B7E43E472818778800A677A7 /* XCRemoteSwiftPackageReference "firebase-ios-sdk" */;
			productName = FirebaseFirestore;
		};
		B7E43E4D281879DE00A677A7 /* FirebaseAuthUI */ = {
			isa = XCSwiftPackageProductDependency;
			package = B7E43E4C281879DE00A677A7 /* XCRemoteSwiftPackageReference "FirebaseUI-iOS" */;
			productName = FirebaseAuthUI;
		};
		B7E43E4F281879DE00A677A7 /* FirebaseEmailAuthUI */ = {
			isa = XCSwiftPackageProductDependency;
			package = B7E43E4C281879DE00A677A7 /* XCRemoteSwiftPackageReference "FirebaseUI-iOS" */;
			productName = FirebaseEmailAuthUI;
		};
/* End XCSwiftPackageProductDependency section */
	};
	rootObject = B7E43D782818675F00A677A7 /* Project object */;
}
